
Microsoft Visual Studio Solution File, Format Version 12.00
# Visual Studio Version 17
VisualStudioVersion = 17.7.34031.279
MinimumVisualStudioVersion = 10.0.40219.1
Project("{FAE04EC0-301F-11D3-BF4B-00C04F79EFBC}") = "KeeperPRO", "KeeperPRO\KeeperPRO.csproj", "{FEA313D6-9589-46A0-ADF1-D89B5397F7FD}"
EndProject
Global
	GlobalSection(SolutionConfigurationPlatforms) = preSolution
		Debug|Any CPU = Debug|Any CPU
		Release|Any CPU = Release|Any CPU
	EndGlobalSection
	GlobalSection(ProjectConfigurationPlatforms) = postSolution
		{FEA313D6-9589-46A0-ADF1-D89B5397F7FD}.Debug|Any CPU.ActiveCfg = Debug|Any CPU
		{FEA313D6-9589-46A0-ADF1-D89B5397F7FD}.Debug|Any CPU.Build.0 = Debug|Any CPU
		{FEA313D6-9589-46A0-ADF1-D89B5397F7FD}.Release|Any CPU.ActiveCfg = Release|Any CPU
		{FEA313D6-9589-46A0-ADF1-D89B5397F7FD}.Release|Any CPU.Build.0 = Release|Any CPU
	EndGlobalSection
	GlobalSection(SolutionProperties) = preSolution
		HideSolutionNode = FALSE
	EndGlobalSection
	GlobalSection(ExtensibilityGlobals) = postSolution
		SolutionGuid = {1723FB53-AE6F-4E72-82AF-21B0365DD189}
	EndGlobalSection
EndGlobal
